github.com/goml/gobrain v0.0.0-20190708142826-a9d9724c9e47 h1:cMBwfuoSxorEwgRo83PXI2sDsJG513LEwywags7AcT0=
github.com/goml/gobrain v0.0.0-20190708142826-a9d9724c9e47/go.mod h1:3C9khhaMIcUpCkbwcG7fVaqIjUOOnRxRUvZ+btWi+5A=
github.com/jupp0r/go-priority-queue v0.0.0-20160601094913-ab1073853bde h1:+5PMaaQtDUwOcJIUlmX89P0J3iwTvErTmyn5WghzXAQ=
github.com/jupp0r/go-priority-queue v0.0.0-20160601094913-ab1073853bde/go.mod h1:RDgD/dfPmIwFH0qdUOjw71HjtWg56CtyLIoHL+R1wJw=
